
Microsoft Visual Studio Solution File, Format Version 11.00
# Visual Studio 2010
Project("{8BC9CEB8-8B4A-11D0-8D11-00A0C91BC942}") = "Zabra_Puzzle", "Zabra_Puzzle\Zabra_Puzzle.vcxproj", "{53C96EB5-D23E-44CA-9FC1-F6A8142766D5}"
EndProject
Global
	GlobalSection(SolutionConfigurationPlatforms) = preSolution
		Debug|Win32 = Debug|Win32
		Release|Win32 = Release|Win32
	EndGlobalSection
	GlobalSection(ProjectConfigurationPlatforms) = postSolution
		{53C96EB5-D23E-44CA-9FC1-F6A8142766D5}.Debug|Win32.ActiveCfg = Debug|Win32
		{53C96EB5-D23E-44CA-9FC1-F6A8142766D5}.Debug|Win32.Build.0 = Debug|Win32
		{53C96EB5-D23E-44CA-9FC1-F6A8142766D5}.Release|Win32.ActiveCfg = Release|Win32
		{53C96EB5-D23E-44CA-9FC1-F6A8142766D5}.Release|Win32.Build.0 = Release|Win32
	EndGlobalSection
	GlobalSection(SolutionProperties) = preSolution
		HideSolutionNode = FALSE
	EndGlobalSection
EndGlobal
